
Microsoft Visual Studio Solution File, Format Version 12.00
# Visual Studio Version 16
VisualStudioVersion = 16.0.30804.86
MinimumVisualStudioVersion = 10.0.40219.1
Project("{FAE04EC0-301F-11D3-BF4B-00C04F79EFBC}") = "DataAccess", "DataAccess\DataAccess.csproj", "{152D51DF-101B-4205-ADEB-255B2050342E}"
EndProject
Project("{FAE04EC0-301F-11D3-BF4B-00C04F79EFBC}") = "Business", "Business\Business.csproj", "{E81F6CDB-F718-4026-BCA0-ED562E86EFF8}"
EndProject
Project("{FAE04EC0-301F-11D3-BF4B-00C04F79EFBC}") = "Entities", "Entities\Entities.csproj", "{BA4291A6-49C7-4CC9-A072-B470579F6F8E}"
EndProject
Project("{FAE04EC0-301F-11D3-BF4B-00C04F79EFBC}") = "ConsoleUI", "ConsoleUI\ConsoleUI.csproj", "{AFB06E6A-CCB9-49D6-AC52-4B0557FD54C4}"
EndProject
Global
	GlobalSection(SolutionConfigurationPlatforms) = preSolution
		Debug|Any CPU = Debug|Any CPU
		Release|Any CPU = Release|Any CPU
	EndGlobalSection
	GlobalSection(ProjectConfigurationPlatforms) = postSolution
		{152D51DF-101B-4205-ADEB-255B2050342E}.Debug|Any CPU.ActiveCfg = Debug|Any CPU
		{152D51DF-101B-4205-ADEB-255B2050342E}.Debug|Any CPU.Build.0 = Debug|Any CPU
		{152D51DF-101B-4205-ADEB-255B2050342E}.Release|Any CPU.ActiveCfg = Release|Any CPU
		{152D51DF-101B-4205-ADEB-255B2050342E}.Release|Any CPU.Build.0 = Release|Any CPU
		{E81F6CDB-F718-4026-BCA0-ED562E86EFF8}.Debug|Any CPU.ActiveCfg = Debug|Any CPU
		{E81F6CDB-F718-4026-BCA0-ED562E86EFF8}.Debug|Any CPU.Build.0 = Debug|Any CPU
		{E81F6CDB-F718-4026-BCA0-ED562E86EFF8}.Release|Any CPU.ActiveCfg = Release|Any CPU
		{E81F6CDB-F718-4026-BCA0-ED562E86EFF8}.Release|Any CPU.Build.0 = Release|Any CPU
		{BA4291A6-49C7-4CC9-A072-B470579F6F8E}.Debug|Any CPU.ActiveCfg = Debug|Any CPU
		{BA4291A6-49C7-4CC9-A072-B470579F6F8E}.Debug|Any CPU.Build.0 = Debug|Any CPU
		{BA4291A6-49C7-4CC9-A072-B470579F6F8E}.Release|Any CPU.ActiveCfg = Release|Any CPU
		{BA4291A6-49C7-4CC9-A072-B470579F6F8E}.Release|Any CPU.Build.0 = Release|Any CPU
		{AFB06E6A-CCB9-49D6-AC52-4B0557FD54C4}.Debug|Any CPU.ActiveCfg = Debug|Any CPU
		{AFB06E6A-CCB9-49D6-AC52-4B0557FD54C4}.Debug|Any CPU.Build.0 = Debug|Any CPU
		{AFB06E6A-CCB9-49D6-AC52-4B0557FD54C4}.Release|Any CPU.ActiveCfg = Release|Any CPU
		{AFB06E6A-CCB9-49D6-AC52-4B0557FD54C4}.Release|Any CPU.Build.0 = Release|Any CPU
	EndGlobalSection
	GlobalSection(SolutionProperties) = preSolution
		HideSolutionNode = FALSE
	EndGlobalSection
	GlobalSection(ExtensibilityGlobals) = postSolution
		SolutionGuid = {A65B83A2-BCCF-4D25-B2D1-3695F0B80787}
	EndGlobalSection
EndGlobal
